
Microsoft Visual Studio Solution File, Format Version 12.00
# Visual Studio Version 17
VisualStudioVersion = 17.11.35222.181
MinimumVisualStudioVersion = 10.0.40219.1
Project("{9A19103F-16F7-4668-BE54-9A1E7A4F7556}") = "HotPack", "HotPack.csproj", "{AE3B8E2F-9FD7-44BD-808E-FBD3ED018197}"
EndProject
Project("{9A19103F-16F7-4668-BE54-9A1E7A4F7556}") = "HotPack.Dapper", "..\HotPack.Dapper\HotPack.Dapper.csproj", "{9970E1F5-38BE-4C5E-B442-F0A0605AB958}"
EndProject
Project("{9A19103F-16F7-4668-BE54-9A1E7A4F7556}") = "HotPack.Test", "..\HotPack.Test\HotPack.Test.csproj", "{A642122F-44E6-45A3-9A96-9BE26C0F80EA}"
EndProject
Project("{9A19103F-16F7-4668-BE54-9A1E7A4F7556}") = "HotPack.AutoMapper", "..\HotPack.AutoMapper\HotPack.AutoMapper.csproj", "{5EA601A7-A822-4AF5-9154-400A0FCDEEF6}"
EndProject
Project("{9A19103F-16F7-4668-BE54-9A1E7A4F7556}") = "HotPack.AspNetCore", "..\HotPack.AspNetCore\HotPack.AspNetCore.csproj", "{9346C418-A51E-4547-A746-146BFAE13E36}"
EndProject
Project("{9A19103F-16F7-4668-BE54-9A1E7A4F7556}") = "HotPack.AspNetCoreTest", "..\HotPack.AspNetCoreTest\HotPack.AspNetCoreTest.csproj", "{A057B689-26AC-4181-8CAF-FA0EEA427BBA}"
EndProject
Project("{FAE04EC0-301F-11D3-BF4B-00C04F79EFBC}") = "HotPack.Database", "..\HotPack.Database\HotPack.Database.csproj", "{EC09B1F1-DD0A-456A-A46C-D486C6C33C34}"
EndProject
Global
	GlobalSection(SolutionConfigurationPlatforms) = preSolution
		Debug|Any CPU = Debug|Any CPU
		Release|Any CPU = Release|Any CPU
	EndGlobalSection
	GlobalSection(ProjectConfigurationPlatforms) = postSolution
		{AE3B8E2F-9FD7-44BD-808E-FBD3ED018197}.Debug|Any CPU.ActiveCfg = Debug|Any CPU
		{AE3B8E2F-9FD7-44BD-808E-FBD3ED018197}.Debug|Any CPU.Build.0 = Debug|Any CPU
		{AE3B8E2F-9FD7-44BD-808E-FBD3ED018197}.Release|Any CPU.ActiveCfg = Release|Any CPU
		{AE3B8E2F-9FD7-44BD-808E-FBD3ED018197}.Release|Any CPU.Build.0 = Release|Any CPU
		{9970E1F5-38BE-4C5E-B442-F0A0605AB958}.Debug|Any CPU.ActiveCfg = Debug|Any CPU
		{9970E1F5-38BE-4C5E-B442-F0A0605AB958}.Debug|Any CPU.Build.0 = Debug|Any CPU
		{9970E1F5-38BE-4C5E-B442-F0A0605AB958}.Release|Any CPU.ActiveCfg = Release|Any CPU
		{9970E1F5-38BE-4C5E-B442-F0A0605AB958}.Release|Any CPU.Build.0 = Release|Any CPU
		{A642122F-44E6-45A3-9A96-9BE26C0F80EA}.Debug|Any CPU.ActiveCfg = Debug|Any CPU
		{A642122F-44E6-45A3-9A96-9BE26C0F80EA}.Debug|Any CPU.Build.0 = Debug|Any CPU
		{A642122F-44E6-45A3-9A96-9BE26C0F80EA}.Release|Any CPU.ActiveCfg = Release|Any CPU
		{A642122F-44E6-45A3-9A96-9BE26C0F80EA}.Release|Any CPU.Build.0 = Release|Any CPU
		{5EA601A7-A822-4AF5-9154-400A0FCDEEF6}.Debug|Any CPU.ActiveCfg = Debug|Any CPU
		{5EA601A7-A822-4AF5-9154-400A0FCDEEF6}.Debug|Any CPU.Build.0 = Debug|Any CPU
		{5EA601A7-A822-4AF5-9154-400A0FCDEEF6}.Release|Any CPU.ActiveCfg = Release|Any CPU
		{5EA601A7-A822-4AF5-9154-400A0FCDEEF6}.Release|Any CPU.Build.0 = Release|Any CPU
		{9346C418-A51E-4547-A746-146BFAE13E36}.Debug|Any CPU.ActiveCfg = Debug|Any CPU
		{9346C418-A51E-4547-A746-146BFAE13E36}.Debug|Any CPU.Build.0 = Debug|Any CPU
		{9346C418-A51E-4547-A746-146BFAE13E36}.Release|Any CPU.ActiveCfg = Release|Any CPU
		{9346C418-A51E-4547-A746-146BFAE13E36}.Release|Any CPU.Build.0 = Release|Any CPU
		{A057B689-26AC-4181-8CAF-FA0EEA427BBA}.Debug|Any CPU.ActiveCfg = Debug|Any CPU
		{A057B689-26AC-4181-8CAF-FA0EEA427BBA}.Debug|Any CPU.Build.0 = Debug|Any CPU
		{A057B689-26AC-4181-8CAF-FA0EEA427BBA}.Release|Any CPU.ActiveCfg = Release|Any CPU
		{A057B689-26AC-4181-8CAF-FA0EEA427BBA}.Release|Any CPU.Build.0 = Release|Any CPU
		{EC09B1F1-DD0A-456A-A46C-D486C6C33C34}.Debug|Any CPU.ActiveCfg = Debug|Any CPU
		{EC09B1F1-DD0A-456A-A46C-D486C6C33C34}.Debug|Any CPU.Build.0 = Debug|Any CPU
		{EC09B1F1-DD0A-456A-A46C-D486C6C33C34}.Release|Any CPU.ActiveCfg = Release|Any CPU
		{EC09B1F1-DD0A-456A-A46C-D486C6C33C34}.Release|Any CPU.Build.0 = Release|Any CPU
	EndGlobalSection
	GlobalSection(SolutionProperties) = preSolution
		HideSolutionNode = FALSE
	EndGlobalSection
	GlobalSection(ExtensibilityGlobals) = postSolution
		SolutionGuid = {0D1DD668-2139-4056-96A3-DEE438469444}
	EndGlobalSection
EndGlobal
